
Microsoft Visual Studio Solution File, Format Version 11.00
# Visual Studio 2010
Project("{FAE04EC0-301F-11D3-BF4B-00C04F79EFBC}") = "DeclaringVariables", "DeclaringVariables\DeclaringVariables.csproj", "{391F3823-A06D-4D36-A84F-BB45867C8C29}"
EndProject
Global
	GlobalSection(SolutionConfigurationPlatforms) = preSolution
		Debug|x86 = Debug|x86
		Release|x86 = Release|x86
	EndGlobalSection
	GlobalSection(ProjectConfigurationPlatforms) = postSolution
		{391F3823-A06D-4D36-A84F-BB45867C8C29}.Debug|x86.ActiveCfg = Debug|x86
		{391F3823-A06D-4D36-A84F-BB45867C8C29}.Debug|x86.Build.0 = Debug|x86
		{391F3823-A06D-4D36-A84F-BB45867C8C29}.Release|x86.ActiveCfg = Release|x86
		{391F3823-A06D-4D36-A84F-BB45867C8C29}.Release|x86.Build.0 = Release|x86
	EndGlobalSection
	GlobalSection(SolutionProperties) = preSolution
		HideSolutionNode = FALSE
	EndGlobalSection
EndGlobal
