
Microsoft Visual Studio Solution File, Format Version 11.00
# Visual Studio 2010
Project("{FAE04EC0-301F-11D3-BF4B-00C04F79EFBC}") = "LeapYearAlgorithm", "LeapYearAlgorithm\LeapYearAlgorithm.csproj", "{41658E26-2B21-4B2E-BF8C-23DF16D4C978}"
EndProject
Global
	GlobalSection(SolutionConfigurationPlatforms) = preSolution
		Debug|x86 = Debug|x86
		Release|x86 = Release|x86
	EndGlobalSection
	GlobalSection(ProjectConfigurationPlatforms) = postSolution
		{41658E26-2B21-4B2E-BF8C-23DF16D4C978}.Debug|x86.ActiveCfg = Debug|x86
		{41658E26-2B21-4B2E-BF8C-23DF16D4C978}.Debug|x86.Build.0 = Debug|x86
		{41658E26-2B21-4B2E-BF8C-23DF16D4C978}.Release|x86.ActiveCfg = Release|x86
		{41658E26-2B21-4B2E-BF8C-23DF16D4C978}.Release|x86.Build.0 = Release|x86
	EndGlobalSection
	GlobalSection(SolutionProperties) = preSolution
		HideSolutionNode = FALSE
	EndGlobalSection
EndGlobal
