
Microsoft Visual Studio Solution File, Format Version 12.00
# Visual Studio 2013
VisualStudioVersion = 12.0.30501.0
MinimumVisualStudioVersion = 10.0.40219.1
Project("{FAE04EC0-301F-11D3-BF4B-00C04F79EFBC}") = "ModelFirst", "ModelFirst\ModelFirst.csproj", "{0664AC5E-94F3-4434-8944-D90192D7A491}"
EndProject
Project("{FAE04EC0-301F-11D3-BF4B-00C04F79EFBC}") = "FromDatabase", "FromDatabase\FromDatabase.csproj", "{65C81602-E316-4889-8EF1-6EFF2592DC98}"
EndProject
Project("{FAE04EC0-301F-11D3-BF4B-00C04F79EFBC}") = "Test", "Test\Test.csproj", "{D8258D5F-0974-452B-9523-47E5C4F7107D}"
EndProject
Project("{2150E333-8FDC-42A3-9474-1A3956D46DE8}") = ".nuget", ".nuget", "{7202699E-8CB8-4640-90B0-F09108798971}"
	ProjectSection(SolutionItems) = preProject
		.nuget\NuGet.Config = .nuget\NuGet.Config
		.nuget\NuGet.exe = .nuget\NuGet.exe
		.nuget\NuGet.targets = .nuget\NuGet.targets
	EndProjectSection
EndProject
Global
	GlobalSection(SolutionConfigurationPlatforms) = preSolution
		Debug|Any CPU = Debug|Any CPU
		Release|Any CPU = Release|Any CPU
	EndGlobalSection
	GlobalSection(ProjectConfigurationPlatforms) = postSolution
		{0664AC5E-94F3-4434-8944-D90192D7A491}.Debug|Any CPU.ActiveCfg = Debug|Any CPU
		{0664AC5E-94F3-4434-8944-D90192D7A491}.Debug|Any CPU.Build.0 = Debug|Any CPU
		{0664AC5E-94F3-4434-8944-D90192D7A491}.Release|Any CPU.ActiveCfg = Release|Any CPU
		{0664AC5E-94F3-4434-8944-D90192D7A491}.Release|Any CPU.Build.0 = Release|Any CPU
		{65C81602-E316-4889-8EF1-6EFF2592DC98}.Debug|Any CPU.ActiveCfg = Debug|Any CPU
		{65C81602-E316-4889-8EF1-6EFF2592DC98}.Debug|Any CPU.Build.0 = Debug|Any CPU
		{65C81602-E316-4889-8EF1-6EFF2592DC98}.Release|Any CPU.ActiveCfg = Release|Any CPU
		{65C81602-E316-4889-8EF1-6EFF2592DC98}.Release|Any CPU.Build.0 = Release|Any CPU
		{D8258D5F-0974-452B-9523-47E5C4F7107D}.Debug|Any CPU.ActiveCfg = Debug|Any CPU
		{D8258D5F-0974-452B-9523-47E5C4F7107D}.Debug|Any CPU.Build.0 = Debug|Any CPU
		{D8258D5F-0974-452B-9523-47E5C4F7107D}.Release|Any CPU.ActiveCfg = Release|Any CPU
		{D8258D5F-0974-452B-9523-47E5C4F7107D}.Release|Any CPU.Build.0 = Release|Any CPU
	EndGlobalSection
	GlobalSection(SolutionProperties) = preSolution
		HideSolutionNode = FALSE
	EndGlobalSection
EndGlobal
