Microsoft Visual Studio Solution File, Format Version 11.00
# Visual Studio 10
Project("{FAE04EC0-301F-11D3-BF4B-00C04F79EFBC}") = "FlowControl", "Number\FlowControl.csproj", "{EE021985-C258-4A4A-BAAC-A089E3AAC674}"
EndProject
Global
	GlobalSection(SolutionConfigurationPlatforms) = preSolution
		Debug|Any CPU = Debug|Any CPU
		Release|Any CPU = Release|Any CPU
	EndGlobalSection
	GlobalSection(ProjectConfigurationPlatforms) = postSolution
		{EE021985-C258-4A4A-BAAC-A089E3AAC674}.Debug|Any CPU.ActiveCfg = Debug|Any CPU
		{EE021985-C258-4A4A-BAAC-A089E3AAC674}.Debug|Any CPU.Build.0 = Debug|Any CPU
		{EE021985-C258-4A4A-BAAC-A089E3AAC674}.Release|Any CPU.ActiveCfg = Release|Any CPU
		{EE021985-C258-4A4A-BAAC-A089E3AAC674}.Release|Any CPU.Build.0 = Release|Any CPU
	EndGlobalSection
	GlobalSection(SolutionProperties) = preSolution
		HideSolutionNode = FALSE
	EndGlobalSection
EndGlobal
